Microsoft Visual Studio Solution File, Format Version 12.00
# Visual Studio Version 17
VisualStudioVersion = 17.5.2.0
MinimumVisualStudioVersion = 10.0.40219.1
Project("{FAE04EC0-301F-11D3-BF4B-00C04F79EFBC}") = "Dragon Nutrex", "Dragon Nutrex.csproj", "{88734151-769E-869C-24D9-A9E8027A51E8}"
EndProject
Global
	GlobalSection(SolutionConfigurationPlatforms) = preSolution
		Debug|Any CPU = Debug|Any CPU
		Release|Any CPU = Release|Any CPU
	EndGlobalSection
	GlobalSection(ProjectConfigurationPlatforms) = postSolution
		{88734151-769E-869C-24D9-A9E8027A51E8}.Debug|Any CPU.ActiveCfg = Debug|Any CPU
		{88734151-769E-869C-24D9-A9E8027A51E8}.Debug|Any CPU.Build.0 = Debug|Any CPU
		{88734151-769E-869C-24D9-A9E8027A51E8}.Release|Any CPU.ActiveCfg = Release|Any CPU
		{88734151-769E-869C-24D9-A9E8027A51E8}.Release|Any CPU.Build.0 = Release|Any CPU
	EndGlobalSection
	GlobalSection(SolutionProperties) = preSolution
		HideSolutionNode = FALSE
	EndGlobalSection
	GlobalSection(ExtensibilityGlobals) = postSolution
		SolutionGuid = {C688F0E1-7DE8-44C1-9C6D-AE472E3C727C}
	EndGlobalSection
EndGlobal
